
Microsoft Visual Studio Solution File, Format Version 12.00
# Visual Studio Version 17
VisualStudioVersion = 17.2.32422.2
MinimumVisualStudioVersion = 10.0.40219.1
Project("{9A19103F-16F7-4668-BE54-9A1E7A4F7556}") = "SWTicket.Server", "SWTicket\Server\SWTicket.Server.csproj", "{968394A4-DF6D-421D-AEDD-413DBA5B74B2}"
EndProject
Project("{9A19103F-16F7-4668-BE54-9A1E7A4F7556}") = "SWTicket.Client", "SWTicket\Client\SWTicket.Client.csproj", "{2AC1D34A-4FB5-42B6-995B-052338A883ED}"
EndProject
Project("{9A19103F-16F7-4668-BE54-9A1E7A4F7556}") = "SWTicket.Shared", "SWTicket\Shared\SWTicket.Shared.csproj", "{F31759A2-B549-47E0-A660-D7284D25674D}"
EndProject
Global
	GlobalSection(SolutionConfigurationPlatforms) = preSolution
		Debug|Any CPU = Debug|Any CPU
		Release|Any CPU = Release|Any CPU
	EndGlobalSection
	GlobalSection(ProjectConfigurationPlatforms) = postSolution
		{968394A4-DF6D-421D-AEDD-413DBA5B74B2}.Debug|Any CPU.ActiveCfg = Debug|Any CPU
		{968394A4-DF6D-421D-AEDD-413DBA5B74B2}.Debug|Any CPU.Build.0 = Debug|Any CPU
		{968394A4-DF6D-421D-AEDD-413DBA5B74B2}.Release|Any CPU.ActiveCfg = Release|Any CPU
		{968394A4-DF6D-421D-AEDD-413DBA5B74B2}.Release|Any CPU.Build.0 = Release|Any CPU
		{2AC1D34A-4FB5-42B6-995B-052338A883ED}.Debug|Any CPU.ActiveCfg = Debug|Any CPU
		{2AC1D34A-4FB5-42B6-995B-052338A883ED}.Debug|Any CPU.Build.0 = Debug|Any CPU
		{2AC1D34A-4FB5-42B6-995B-052338A883ED}.Release|Any CPU.ActiveCfg = Release|Any CPU
		{2AC1D34A-4FB5-42B6-995B-052338A883ED}.Release|Any CPU.Build.0 = Release|Any CPU
		{F31759A2-B549-47E0-A660-D7284D25674D}.Debug|Any CPU.ActiveCfg = Debug|Any CPU
		{F31759A2-B549-47E0-A660-D7284D25674D}.Debug|Any CPU.Build.0 = Debug|Any CPU
		{F31759A2-B549-47E0-A660-D7284D25674D}.Release|Any CPU.ActiveCfg = Release|Any CPU
		{F31759A2-B549-47E0-A660-D7284D25674D}.Release|Any CPU.Build.0 = Release|Any CPU
	EndGlobalSection
	GlobalSection(SolutionProperties) = preSolution
		HideSolutionNode = FALSE
	EndGlobalSection
	GlobalSection(ExtensibilityGlobals) = postSolution
		SolutionGuid = {694AEF5F-A8AF-45A2-9270-043154288690}
	EndGlobalSection
EndGlobal
