
Microsoft Visual Studio Solution File, Format Version 12.00
# Visual Studio Version 17
VisualStudioVersion = 17.2.32422.2
MinimumVisualStudioVersion = 10.0.40219.1
Project("{9A19103F-16F7-4668-BE54-9A1E7A4F7556}") = "BlazorTicketSystem.Server", "BlazorTicketSystem\Server\BlazorTicketSystem.Server.csproj", "{089319D4-EBAA-42AF-A7D6-727DA850CE23}"
EndProject
Project("{9A19103F-16F7-4668-BE54-9A1E7A4F7556}") = "BlazorTicketSystem.Client", "BlazorTicketSystem\Client\BlazorTicketSystem.Client.csproj", "{BBA9B7E8-383F-454E-A685-4AB374D157C4}"
EndProject
Project("{9A19103F-16F7-4668-BE54-9A1E7A4F7556}") = "BlazorTicketSystem.Shared", "BlazorTicketSystem\Shared\BlazorTicketSystem.Shared.csproj", "{FBD45E90-5097-49B1-997A-7C23DD41D663}"
EndProject
Global
	GlobalSection(SolutionConfigurationPlatforms) = preSolution
		Debug|Any CPU = Debug|Any CPU
		Release|Any CPU = Release|Any CPU
	EndGlobalSection
	GlobalSection(ProjectConfigurationPlatforms) = postSolution
		{089319D4-EBAA-42AF-A7D6-727DA850CE23}.Debug|Any CPU.ActiveCfg = Debug|Any CPU
		{089319D4-EBAA-42AF-A7D6-727DA850CE23}.Debug|Any CPU.Build.0 = Debug|Any CPU
		{089319D4-EBAA-42AF-A7D6-727DA850CE23}.Release|Any CPU.ActiveCfg = Release|Any CPU
		{089319D4-EBAA-42AF-A7D6-727DA850CE23}.Release|Any CPU.Build.0 = Release|Any CPU
		{BBA9B7E8-383F-454E-A685-4AB374D157C4}.Debug|Any CPU.ActiveCfg = Debug|Any CPU
		{BBA9B7E8-383F-454E-A685-4AB374D157C4}.Debug|Any CPU.Build.0 = Debug|Any CPU
		{BBA9B7E8-383F-454E-A685-4AB374D157C4}.Release|Any CPU.ActiveCfg = Release|Any CPU
		{BBA9B7E8-383F-454E-A685-4AB374D157C4}.Release|Any CPU.Build.0 = Release|Any CPU
		{FBD45E90-5097-49B1-997A-7C23DD41D663}.Debug|Any CPU.ActiveCfg = Debug|Any CPU
		{FBD45E90-5097-49B1-997A-7C23DD41D663}.Debug|Any CPU.Build.0 = Debug|Any CPU
		{FBD45E90-5097-49B1-997A-7C23DD41D663}.Release|Any CPU.ActiveCfg = Release|Any CPU
		{FBD45E90-5097-49B1-997A-7C23DD41D663}.Release|Any CPU.Build.0 = Release|Any CPU
	EndGlobalSection
	GlobalSection(SolutionProperties) = preSolution
		HideSolutionNode = FALSE
	EndGlobalSection
	GlobalSection(ExtensibilityGlobals) = postSolution
		SolutionGuid = {C625910C-4B87-4BBA-B4BA-36AF5E9DFA4F}
	EndGlobalSection
EndGlobal
